PODS:
  - Alamofire (4.5.0)
  - CryptoSwift (0.6.9)
  - GzipSwift (3.1.4)
  - Realm (2.8.3):
    - Realm/Headers (= 2.8.3)
  - Realm/Headers (2.8.3)
  - RealmSwift (2.8.3):
    - Realm (= 2.8.3)
  - SwiftWebSocket (2.6.5)
  - SwiftyJSON (3.1.4)

DEPENDENCIES:
  - Alamofire (~> 4.5.0)
  - CryptoSwift
  - GzipSwift
  - RealmSwift
  - SwiftWebSocket
  - SwiftyJSON (~> 3.1.4)

SPEC CHECKSUMS:
  Alamofire: f28cdffd29de33a7bfa022cbd63ae95a27fae140
  CryptoSwift: a22f6ba238e9ce4d26ee7bf45b9ed82e7122d4a0
  GzipSwift: 11ddb2bf253b1cd7b60bb169da20f62ac4348769
  Realm: 3601ef091c8c499a31101d8563b991e75546cdce
  RealmSwift: 8183818515471b01a99abdd2970f8e4fd52b6f4a
  SwiftWebSocket: 1ef8a0efb023544643bdf480c1ec4a62b204f293
  SwiftyJSON: c2842d878f95482ffceec5709abc3d05680c0220

PODFILE CHECKSUM: 3d6a47dcf97c0728075842fb7715c2d3e5a1cdcf

COCOAPODS: 1.2.1
